
Microsoft Visual Studio Solution File, Format Version 12.00
# Visual Studio Version 16
VisualStudioVersion = 16.0.31025.194
MinimumVisualStudioVersion = 10.0.40219.1
Project("{159641D6-6404-4A2A-AE62-294DE0FE8301}") = "Bicycles_ETL", "Bicycles_ETL\Bicycles_ETL.dtproj", "{6CAAF63B-A372-41AF-94AD-14B3C18BFE46}"
EndProject
Global
	GlobalSection(SolutionConfigurationPlatforms) = preSolution
		Development|Default = Development|Default
	EndGlobalSection
	GlobalSection(ProjectConfigurationPlatforms) = postSolution
		{6CAAF63B-A372-41AF-94AD-14B3C18BFE46}.Development|Default.ActiveCfg = Development
		{6CAAF63B-A372-41AF-94AD-14B3C18BFE46}.Development|Default.Build.0 = Development
	EndGlobalSection
	GlobalSection(SolutionProperties) = preSolution
		HideSolutionNode = FALSE
	EndGlobalSection
	GlobalSection(ExtensibilityGlobals) = postSolution
		SolutionGuid = {D5D795EB-4847-41CE-81F8-EC916A0E50E7}
	EndGlobalSection
EndGlobal
